
Microsoft Visual Studio Solution File, Format Version 12.00
# Visual Studio Version 17
VisualStudioVersion = 17.9.34701.34
MinimumVisualStudioVersion = 10.0.40219.1
Project("{FAE04EC0-301F-11D3-BF4B-00C04F79EFBC}") = "MeetingScheduler", "MeetingScheduler.csproj", "{EDA6C4B0-1A9D-4B9B-8892-EE82BFD30317}"
EndProject
Global
	GlobalSection(SolutionConfigurationPlatforms) = preSolution
		Debug|Any CPU = Debug|Any CPU
		Release|Any CPU = Release|Any CPU
	EndGlobalSection
	GlobalSection(ProjectConfigurationPlatforms) = postSolution
		{EDA6C4B0-1A9D-4B9B-8892-EE82BFD30317}.Debug|Any CPU.ActiveCfg = Debug|Any CPU
		{EDA6C4B0-1A9D-4B9B-8892-EE82BFD30317}.Debug|Any CPU.Build.0 = Debug|Any CPU
		{EDA6C4B0-1A9D-4B9B-8892-EE82BFD30317}.Release|Any CPU.ActiveCfg = Release|Any CPU
		{EDA6C4B0-1A9D-4B9B-8892-EE82BFD30317}.Release|Any CPU.Build.0 = Release|Any CPU
	EndGlobalSection
	GlobalSection(SolutionProperties) = preSolution
		HideSolutionNode = FALSE
	EndGlobalSection
	GlobalSection(ExtensibilityGlobals) = postSolution
		SolutionGuid = {3D4DE486-F690-4592-B921-F0329E7CF065}
	EndGlobalSection
EndGlobal
